
Microsoft Visual Studio Solution File, Format Version 12.00
# Visual Studio 2013
VisualStudioVersion = 12.0.31101.0
MinimumVisualStudioVersion = 10.0.40219.1
Project("{FAE04EC0-301F-11D3-BF4B-00C04F79EFBC}") = "WatchtowerClient", "Projects\WatchtowerClient\WatchtowerClient.csproj", "{76B73155-936E-490C-8359-68C9DACD67B6}"
EndProject
Project("{FAE04EC0-301F-11D3-BF4B-00C04F79EFBC}") = "WatchtowerServer", "Projects\WatchtowerServer\WatchtowerServer.csproj", "{6053E44D-B518-46CF-BCDB-E7237A62AD68}"
EndProject
Project("{FAE04EC0-301F-11D3-BF4B-00C04F79EFBC}") = "Watchtower", "Projects\Watchtower\Watchtower.csproj", "{25A5456E-90FE-4A98-A24B-CBF1100C340A}"
EndProject
Global
	GlobalSection(SolutionConfigurationPlatforms) = preSolution
		Debug|Any CPU = Debug|Any CPU
		Release|Any CPU = Release|Any CPU
	EndGlobalSection
	GlobalSection(ProjectConfigurationPlatforms) = postSolution
		{76B73155-936E-490C-8359-68C9DACD67B6}.Debug|Any CPU.ActiveCfg = Debug|Any CPU
		{76B73155-936E-490C-8359-68C9DACD67B6}.Debug|Any CPU.Build.0 = Debug|Any CPU
		{76B73155-936E-490C-8359-68C9DACD67B6}.Release|Any CPU.ActiveCfg = Release|Any CPU
		{76B73155-936E-490C-8359-68C9DACD67B6}.Release|Any CPU.Build.0 = Release|Any CPU
		{6053E44D-B518-46CF-BCDB-E7237A62AD68}.Debug|Any CPU.ActiveCfg = Debug|Any CPU
		{6053E44D-B518-46CF-BCDB-E7237A62AD68}.Debug|Any CPU.Build.0 = Debug|Any CPU
		{6053E44D-B518-46CF-BCDB-E7237A62AD68}.Release|Any CPU.ActiveCfg = Release|Any CPU
		{6053E44D-B518-46CF-BCDB-E7237A62AD68}.Release|Any CPU.Build.0 = Release|Any CPU
		{25A5456E-90FE-4A98-A24B-CBF1100C340A}.Debug|Any CPU.ActiveCfg = Debug|Any CPU
		{25A5456E-90FE-4A98-A24B-CBF1100C340A}.Debug|Any CPU.Build.0 = Debug|Any CPU
		{25A5456E-90FE-4A98-A24B-CBF1100C340A}.Release|Any CPU.ActiveCfg = Release|Any CPU
		{25A5456E-90FE-4A98-A24B-CBF1100C340A}.Release|Any CPU.Build.0 = Release|Any CPU
	EndGlobalSection
	GlobalSection(SolutionProperties) = preSolution
		HideSolutionNode = FALSE
	EndGlobalSection
EndGlobal
